
Microsoft Visual Studio Solution File, Format Version 12.00
# Visual Studio Version 17
VisualStudioVersion = 17.7.34031.279
MinimumVisualStudioVersion = 10.0.40219.1
Project("{9A19103F-16F7-4668-BE54-9A1E7A4F7556}") = "DevFast.Net.Text", "src\DevFast.Net.Text\DevFast.Net.Text.csproj", "{84DD2EBB-721E-4D3D-83A9-82300BC083E2}"
EndProject
Project("{9A19103F-16F7-4668-BE54-9A1E7A4F7556}") = "DevFast.Net.Text.Tests", "src\DevFast.Net.Text.Tests\DevFast.Net.Text.Tests.csproj", "{DD432647-331F-4F1B-A6DB-3A28F31070B4}"
EndProject
Global
	GlobalSection(SolutionConfigurationPlatforms) = preSolution
		Debug|Any CPU = Debug|Any CPU
		Release|Any CPU = Release|Any CPU
	EndGlobalSection
	GlobalSection(ProjectConfigurationPlatforms) = postSolution
		{84DD2EBB-721E-4D3D-83A9-82300BC083E2}.Debug|Any CPU.ActiveCfg = Debug|Any CPU
		{84DD2EBB-721E-4D3D-83A9-82300BC083E2}.Debug|Any CPU.Build.0 = Debug|Any CPU
		{84DD2EBB-721E-4D3D-83A9-82300BC083E2}.Release|Any CPU.ActiveCfg = Release|Any CPU
		{84DD2EBB-721E-4D3D-83A9-82300BC083E2}.Release|Any CPU.Build.0 = Release|Any CPU
		{DD432647-331F-4F1B-A6DB-3A28F31070B4}.Debug|Any CPU.ActiveCfg = Debug|Any CPU
		{DD432647-331F-4F1B-A6DB-3A28F31070B4}.Debug|Any CPU.Build.0 = Debug|Any CPU
		{DD432647-331F-4F1B-A6DB-3A28F31070B4}.Release|Any CPU.ActiveCfg = Release|Any CPU
		{DD432647-331F-4F1B-A6DB-3A28F31070B4}.Release|Any CPU.Build.0 = Release|Any CPU
	EndGlobalSection
	GlobalSection(SolutionProperties) = preSolution
		HideSolutionNode = FALSE
	EndGlobalSection
	GlobalSection(ExtensibilityGlobals) = postSolution
		SolutionGuid = {49377EEE-F37E-4AFD-A04D-9C34065E0F0B}
	EndGlobalSection
EndGlobal
